
Microsoft Visual Studio Solution File, Format Version 12.00
# Visual Studio Version 16
VisualStudioVersion = 16.0.31313.79
MinimumVisualStudioVersion = 10.0.40219.1
Project("{FAE04EC0-301F-11D3-BF4B-00C04F79EFBC}") = "WinFormsApp1", "WinFormsApp1\WinFormsApp1.csproj", "{F95A1B65-DDD2-46A9-9588-FDDC67EAFFBF}"
EndProject
Project("{FAE04EC0-301F-11D3-BF4B-00C04F79EFBC}") = "Model", "Model\Model.csproj", "{9B0DFE00-CF9B-47CB-A1A2-6238B3D0D093}"
EndProject
Global
	GlobalSection(SolutionConfigurationPlatforms) = preSolution
		Debug|Any CPU = Debug|Any CPU
		Release|Any CPU = Release|Any CPU
	EndGlobalSection
	GlobalSection(ProjectConfigurationPlatforms) = postSolution
		{F95A1B65-DDD2-46A9-9588-FDDC67EAFFBF}.Debug|Any CPU.ActiveCfg = Debug|Any CPU
		{F95A1B65-DDD2-46A9-9588-FDDC67EAFFBF}.Debug|Any CPU.Build.0 = Debug|Any CPU
		{F95A1B65-DDD2-46A9-9588-FDDC67EAFFBF}.Release|Any CPU.ActiveCfg = Release|Any CPU
		{F95A1B65-DDD2-46A9-9588-FDDC67EAFFBF}.Release|Any CPU.Build.0 = Release|Any CPU
		{9B0DFE00-CF9B-47CB-A1A2-6238B3D0D093}.Debug|Any CPU.ActiveCfg = Debug|Any CPU
		{9B0DFE00-CF9B-47CB-A1A2-6238B3D0D093}.Debug|Any CPU.Build.0 = Debug|Any CPU
		{9B0DFE00-CF9B-47CB-A1A2-6238B3D0D093}.Release|Any CPU.ActiveCfg = Release|Any CPU
		{9B0DFE00-CF9B-47CB-A1A2-6238B3D0D093}.Release|Any CPU.Build.0 = Release|Any CPU
	EndGlobalSection
	GlobalSection(SolutionProperties) = preSolution
		HideSolutionNode = FALSE
	EndGlobalSection
	GlobalSection(ExtensibilityGlobals) = postSolution
		SolutionGuid = {81E05233-F73B-4B0D-8D21-B339199BD04C}
	EndGlobalSection
EndGlobal
